# This file is automatically @generated by Cargo.
# It is not intended for manual editing.
version = 4

[[package]]
name = "b2sum"
version = "0.1.0"
dependencies = [
 "checksums",
]

[[package]]
name = "basename"
version = "0.1.0"
dependencies = [
 "libc",
]

[[package]]
name = "bits"
version = "0.1.0"

[[package]]
name = "cat"
version = "0.1.0"
dependencies = [
 "libc",
]

[[package]]
name = "checksums"
version = "0.1.0"
dependencies = [
 "hashes",
 "libc",
 "quoting",
]

[[package]]
name = "cksum"
version = "0.1.0"
dependencies = [
 "checksums",
]

[[package]]
name = "col"
version = "0.1.0"

[[package]]
name = "colcrt"
version = "0.1.0"

[[package]]
name = "colrm"
version = "0.1.0"

[[package]]
name = "column"
version = "0.1.0"

[[package]]
name = "comm"
version = "0.1.0"
dependencies = [
 "libc",
]

[[package]]
name = "cp"
version = "0.1.0"
dependencies = [
 "libc",
]

[[package]]
name = "cut"
version = "0.1.0"
dependencies = [
 "libc",
]

[[package]]
name = "dirname"
version = "0.1.0"
dependencies = [
 "libc",
]

[[package]]
name = "dmesg"
version = "0.1.0"

[[package]]
name = "env"
version = "0.1.0"
dependencies = [
 "libc",
 "quoting",
]

[[package]]
name = "expand"
version = "0.1.0"
dependencies = [
 "libc",
]

[[package]]
name = "fallocate"
version = "0.1.0"

[[package]]
name = "hashes"
version = "0.1.0"

[[package]]
name = "head"
version = "0.1.0"
dependencies = [
 "libc",
]

[[package]]
name = "hexdump"
version = "0.1.0"
dependencies = [
 "libc",
]

[[package]]
name = "libc"
version = "0.2.190"
source = "registry+https://github.com/rust-lang/crates.io-index"
checksum = "ce5d3ddc6d3fa000eb1536d85e147bfe31aacaba692ed6a876f95cb7c855be78"

[[package]]
name = "line"
version = "0.1.0"

[[package]]
name = "ln"
version = "0.1.0"
dependencies = [
 "libc",
]

[[package]]
name = "lscpu"
version = "0.1.0"

[[package]]
name = "md5sum"
version = "0.1.0"
dependencies = [
 "checksums",
]

[[package]]
name = "mkdir"
version = "0.1.0"
dependencies = [
 "libc",
]

[[package]]
name = "mktemp"
version = "0.1.0"
dependencies = [
 "libc",
]

[[package]]
name = "mv"
version = "0.1.0"
dependencies = [
 "libc",
]

[[package]]
name = "nl"
version = "0.1.0"
dependencies = [
 "libc",
]

[[package]]
name = "paste"
version = "0.1.0"
dependencies = [
 "libc",
]

[[package]]
name = "quoting"
version = "0.1.0"
dependencies = [
 "libc",
]

[[package]]
name = "readlink"
version = "0.1.0"
dependencies = [
 "libc",
]

[[package]]
name = "rev"
version = "0.1.0"

[[package]]
name = "rm"
version = "0.1.0"
dependencies = [
 "libc",
]

[[package]]
name = "rmdir"
version = "0.1.0"
dependencies = [
 "libc",
]

[[package]]
name = "seq"
version = "0.1.0"
dependencies = [
 "libc",
 "quoting",
]

[[package]]
name = "sha1sum"
version = "0.1.0"
dependencies = [
 "checksums",
]

[[package]]
name = "sha224sum"
version = "0.1.0"
dependencies = [
 "checksums",
]

[[package]]
name = "sha256sum"
version = "0.1.0"
dependencies = [
 "checksums",
]

[[package]]
name = "sha384sum"
version = "0.1.0"
dependencies = [
 "checksums",
]

[[package]]
name = "sha512sum"
version = "0.1.0"
dependencies = [
 "checksums",
]

[[package]]
name = "sort"
version = "0.1.0"
dependencies = [
 "libc",
]

[[package]]
name = "sum"
version = "0.1.0"
dependencies = [
 "checksums",
]

[[package]]
name = "tail"
version = "0.1.0"
dependencies = [
 "libc",
]

[[package]]
name = "tee"
version = "0.1.0"
dependencies = [
 "libc",
]

[[package]]
name = "touch"
version = "0.1.0"
dependencies = [
 "libc",
]

[[package]]
name = "tr"
version = "0.1.0"
dependencies = [
 "libc",
]

[[package]]
name = "ul"
version = "0.1.0"

[[package]]
name = "unexpand"
version = "0.1.0"
dependencies = [
 "libc",
]

[[package]]
name = "uniq"
version = "0.1.0"
dependencies = [
 "libc",
]

[[package]]
name = "wc"
version = "0.1.0"
dependencies = [
 "libc",
]
